
Microsoft Visual Studio Solution File, Format Version 12.00
# Visual Studio 15
VisualStudioVersion = 15.0.26124.0
MinimumVisualStudioVersion = 15.0.26124.0
Project("{FAE04EC0-301F-11D3-BF4B-00C04F79EFBC}") = "sample", "sample\sample.csproj", "{C7B9D9ED-A103-4BF5-9241-2BE2A22B02A8}"
EndProject
Project("{FAE04EC0-301F-11D3-BF4B-00C04F79EFBC}") = "tests", "tests\tests.csproj", "{475EBE8B-324D-4817-9BAF-6C1398FE2DD0}"
EndProject
Project("{FAE04EC0-301F-11D3-BF4B-00C04F79EFBC}") = "layeredsettings", "lib\layeredsettings.csproj", "{B7D1155A-7F2B-4FC4-BB28-623DEA42BD69}"
EndProject
Global
	GlobalSection(SolutionConfigurationPlatforms) = preSolution
		Debug|Any CPU = Debug|Any CPU
		Debug|x64 = Debug|x64
		Debug|x86 = Debug|x86
		Release|Any CPU = Release|Any CPU
		Release|x64 = Release|x64
		Release|x86 = Release|x86
	EndGlobalSection
	GlobalSection(SolutionProperties) = preSolution
		HideSolutionNode = FALSE
	EndGlobalSection
	GlobalSection(ProjectConfigurationPlatforms) = postSolution
		{C7B9D9ED-A103-4BF5-9241-2BE2A22B02A8}.Debug|Any CPU.ActiveCfg = Debug|Any CPU
		{C7B9D9ED-A103-4BF5-9241-2BE2A22B02A8}.Debug|Any CPU.Build.0 = Debug|Any CPU
		{C7B9D9ED-A103-4BF5-9241-2BE2A22B02A8}.Debug|x64.ActiveCfg = Debug|Any CPU
		{C7B9D9ED-A103-4BF5-9241-2BE2A22B02A8}.Debug|x64.Build.0 = Debug|Any CPU
		{C7B9D9ED-A103-4BF5-9241-2BE2A22B02A8}.Debug|x86.ActiveCfg = Debug|Any CPU
		{C7B9D9ED-A103-4BF5-9241-2BE2A22B02A8}.Debug|x86.Build.0 = Debug|Any CPU
		{C7B9D9ED-A103-4BF5-9241-2BE2A22B02A8}.Release|Any CPU.ActiveCfg = Release|Any CPU
		{C7B9D9ED-A103-4BF5-9241-2BE2A22B02A8}.Release|Any CPU.Build.0 = Release|Any CPU
		{C7B9D9ED-A103-4BF5-9241-2BE2A22B02A8}.Release|x64.ActiveCfg = Release|Any CPU
		{C7B9D9ED-A103-4BF5-9241-2BE2A22B02A8}.Release|x64.Build.0 = Release|Any CPU
		{C7B9D9ED-A103-4BF5-9241-2BE2A22B02A8}.Release|x86.ActiveCfg = Release|Any CPU
		{C7B9D9ED-A103-4BF5-9241-2BE2A22B02A8}.Release|x86.Build.0 = Release|Any CPU
		{475EBE8B-324D-4817-9BAF-6C1398FE2DD0}.Debug|Any CPU.ActiveCfg = Debug|Any CPU
		{475EBE8B-324D-4817-9BAF-6C1398FE2DD0}.Debug|Any CPU.Build.0 = Debug|Any CPU
		{475EBE8B-324D-4817-9BAF-6C1398FE2DD0}.Debug|x64.ActiveCfg = Debug|Any CPU
		{475EBE8B-324D-4817-9BAF-6C1398FE2DD0}.Debug|x64.Build.0 = Debug|Any CPU
		{475EBE8B-324D-4817-9BAF-6C1398FE2DD0}.Debug|x86.ActiveCfg = Debug|Any CPU
		{475EBE8B-324D-4817-9BAF-6C1398FE2DD0}.Debug|x86.Build.0 = Debug|Any CPU
		{475EBE8B-324D-4817-9BAF-6C1398FE2DD0}.Release|Any CPU.ActiveCfg = Release|Any CPU
		{475EBE8B-324D-4817-9BAF-6C1398FE2DD0}.Release|Any CPU.Build.0 = Release|Any CPU
		{475EBE8B-324D-4817-9BAF-6C1398FE2DD0}.Release|x64.ActiveCfg = Release|Any CPU
		{475EBE8B-324D-4817-9BAF-6C1398FE2DD0}.Release|x64.Build.0 = Release|Any CPU
		{475EBE8B-324D-4817-9BAF-6C1398FE2DD0}.Release|x86.ActiveCfg = Release|Any CPU
		{475EBE8B-324D-4817-9BAF-6C1398FE2DD0}.Release|x86.Build.0 = Release|Any CPU
		{B7D1155A-7F2B-4FC4-BB28-623DEA42BD69}.Debug|Any CPU.ActiveCfg = Debug|Any CPU
		{B7D1155A-7F2B-4FC4-BB28-623DEA42BD69}.Debug|Any CPU.Build.0 = Debug|Any CPU
		{B7D1155A-7F2B-4FC4-BB28-623DEA42BD69}.Debug|x64.ActiveCfg = Debug|Any CPU
		{B7D1155A-7F2B-4FC4-BB28-623DEA42BD69}.Debug|x64.Build.0 = Debug|Any CPU
		{B7D1155A-7F2B-4FC4-BB28-623DEA42BD69}.Debug|x86.ActiveCfg = Debug|Any CPU
		{B7D1155A-7F2B-4FC4-BB28-623DEA42BD69}.Debug|x86.Build.0 = Debug|Any CPU
		{B7D1155A-7F2B-4FC4-BB28-623DEA42BD69}.Release|Any CPU.ActiveCfg = Release|Any CPU
		{B7D1155A-7F2B-4FC4-BB28-623DEA42BD69}.Release|Any CPU.Build.0 = Release|Any CPU
		{B7D1155A-7F2B-4FC4-BB28-623DEA42BD69}.Release|x64.ActiveCfg = Release|Any CPU
		{B7D1155A-7F2B-4FC4-BB28-623DEA42BD69}.Release|x64.Build.0 = Release|Any CPU
		{B7D1155A-7F2B-4FC4-BB28-623DEA42BD69}.Release|x86.ActiveCfg = Release|Any CPU
		{B7D1155A-7F2B-4FC4-BB28-623DEA42BD69}.Release|x86.Build.0 = Release|Any CPU
	EndGlobalSection
EndGlobal
